
Microsoft Visual Studio Solution File, Format Version 12.00
# Visual Studio Version 16
VisualStudioVersion = 16.0.31112.23
MinimumVisualStudioVersion = 10.0.40219.1
Project("{FAE04EC0-301F-11D3-BF4B-00C04F79EFBC}") = "07092021_001", "07092021_001\07092021_001.csproj", "{C5538FC2-9787-45A7-96C2-77EB9450EA31}"
EndProject
Project("{FAE04EC0-301F-11D3-BF4B-00C04F79EFBC}") = "07092021_001Tests", "07092021_001Tests\07092021_001Tests.csproj", "{B020575F-C707-4186-A4BC-1607EB636CB0}"
EndProject
Global
	GlobalSection(SolutionConfigurationPlatforms) = preSolution
		Debug|Any CPU = Debug|Any CPU
		Release|Any CPU = Release|Any CPU
	EndGlobalSection
	GlobalSection(ProjectConfigurationPlatforms) = postSolution
		{C5538FC2-9787-45A7-96C2-77EB9450EA31}.Debug|Any CPU.ActiveCfg = Debug|Any CPU
		{C5538FC2-9787-45A7-96C2-77EB9450EA31}.Debug|Any CPU.Build.0 = Debug|Any CPU
		{C5538FC2-9787-45A7-96C2-77EB9450EA31}.Release|Any CPU.ActiveCfg = Release|Any CPU
		{C5538FC2-9787-45A7-96C2-77EB9450EA31}.Release|Any CPU.Build.0 = Release|Any CPU
		{B020575F-C707-4186-A4BC-1607EB636CB0}.Debug|Any CPU.ActiveCfg = Debug|Any CPU
		{B020575F-C707-4186-A4BC-1607EB636CB0}.Debug|Any CPU.Build.0 = Debug|Any CPU
		{B020575F-C707-4186-A4BC-1607EB636CB0}.Release|Any CPU.ActiveCfg = Release|Any CPU
		{B020575F-C707-4186-A4BC-1607EB636CB0}.Release|Any CPU.Build.0 = Release|Any CPU
	EndGlobalSection
	GlobalSection(SolutionProperties) = preSolution
		HideSolutionNode = FALSE
	EndGlobalSection
	GlobalSection(ExtensibilityGlobals) = postSolution
		SolutionGuid = {97F80E02-AAE6-4796-8184-D91380414EBA}
	EndGlobalSection
EndGlobal
